
Microsoft Visual Studio Solution File, Format Version 12.00
# Visual Studio Version 17
VisualStudioVersion = 17.4.33103.184
MinimumVisualStudioVersion = 10.0.40219.1
Project("{FAE04EC0-301F-11D3-BF4B-00C04F79EFBC}") = "DataBaseFilmConnectivity", "DataBaseFilmConnectivity\DataBaseFilmConnectivity.csproj", "{3742D1D2-3631-46E1-8929-702CC2E80D48}"
EndProject
Global
	GlobalSection(SolutionConfigurationPlatforms) = preSolution
		Debug|Any CPU = Debug|Any CPU
		Release|Any CPU = Release|Any CPU
	EndGlobalSection
	GlobalSection(ProjectConfigurationPlatforms) = postSolution
		{3742D1D2-3631-46E1-8929-702CC2E80D48}.Debug|Any CPU.ActiveCfg = Debug|Any CPU
		{3742D1D2-3631-46E1-8929-702CC2E80D48}.Debug|Any CPU.Build.0 = Debug|Any CPU
		{3742D1D2-3631-46E1-8929-702CC2E80D48}.Release|Any CPU.ActiveCfg = Release|Any CPU
		{3742D1D2-3631-46E1-8929-702CC2E80D48}.Release|Any CPU.Build.0 = Release|Any CPU
	EndGlobalSection
	GlobalSection(SolutionProperties) = preSolution
		HideSolutionNode = FALSE
	EndGlobalSection
	GlobalSection(ExtensibilityGlobals) = postSolution
		SolutionGuid = {04797EB8-D1FE-49C9-8448-539529AC4CBE}
	EndGlobalSection
EndGlobal
