
Microsoft Visual Studio Solution File, Format Version 12.00
# Visual Studio Version 17
VisualStudioVersion = 17.4.33110.190
MinimumVisualStudioVersion = 10.0.40219.1
Project("{FAE04EC0-301F-11D3-BF4B-00C04F79EFBC}") = "ExamQcm", "ExamQcm\ExamQcm.csproj", "{128F1D84-F567-46FB-A18B-AA7F2760AE7B}"
EndProject
Global
	GlobalSection(SolutionConfigurationPlatforms) = preSolution
		Debug|Any CPU = Debug|Any CPU
		Release|Any CPU = Release|Any CPU
	EndGlobalSection
	GlobalSection(ProjectConfigurationPlatforms) = postSolution
		{128F1D84-F567-46FB-A18B-AA7F2760AE7B}.Debug|Any CPU.ActiveCfg = Debug|Any CPU
		{128F1D84-F567-46FB-A18B-AA7F2760AE7B}.Debug|Any CPU.Build.0 = Debug|Any CPU
		{128F1D84-F567-46FB-A18B-AA7F2760AE7B}.Release|Any CPU.ActiveCfg = Release|Any CPU
		{128F1D84-F567-46FB-A18B-AA7F2760AE7B}.Release|Any CPU.Build.0 = Release|Any CPU
	EndGlobalSection
	GlobalSection(SolutionProperties) = preSolution
		HideSolutionNode = FALSE
	EndGlobalSection
	GlobalSection(ExtensibilityGlobals) = postSolution
		SolutionGuid = {7E3A2D37-00DE-4981-8E6A-F78399EED250}
	EndGlobalSection
EndGlobal
